// !$*UTF8*$!
{
	archiveVersion = 1;
	classes = {
	};
	objectVersion = 55;
	objects = {

/* Begin PBXBuildFile section */
		07623EB52872677500EBD632 /* Tags.swift in Sources */ = {isa = PBXBuildFile; fileRef = 07F78B33286E467700A1BEC1 /* Tags.swift */; };
		07943C28286C08FB0083342D /* iOSDSApp.swift in Sources */ = {isa = PBXBuildFile; fileRef = 07943C18286C08FA0083342D /* iOSDSApp.swift */; };
		07943C29286C08FB0083342D /* iOSDSApp.swift in Sources */ = {isa = PBXBuildFile; fileRef = 07943C18286C08FA0083342D /* iOSDSApp.swift */; };
		07943C2A286C08FB0083342D /* ContentView.swift in Sources */ = {isa = PBXBuildFile; fileRef = 07943C19286C08FA0083342D /* ContentView.swift */; };
		07943C2B286C08FB0083342D /* ContentView.swift in Sources */ = {isa = PBXBuildFile; fileRef = 07943C19286C08FA0083342D /* ContentView.swift */; };
		07943C2C286C08FB0083342D /* Assets.xcassets in Resources */ = {isa = PBXBuildFile; fileRef = 07943C1A286C08FB0083342D /* Assets.xcassets */; };
		07943C2D286C08FB0083342D /* Assets.xcassets in Resources */ = {isa = PBXBuildFile; fileRef = 07943C1A286C08FB0083342D /* Assets.xcassets */; };
		07943C38286C092B0083342D /* EnableDisableButtons.swift in Sources */ = {isa = PBXBuildFile; fileRef = 07943C37286C092B0083342D /* EnableDisableButtons.swift */; };
		07943C39286C092B0083342D /* EnableDisableButtons.swift in Sources */ = {isa = PBXBuildFile; fileRef = 07943C37286C092B0083342D /* EnableDisableButtons.swift */; };
		07943C3B286C09470083342D /* DriverStationController.swift in Sources */ = {isa = PBXBuildFile; fileRef = 07943C3A286C09470083342D /* DriverStationController.swift */; };
		07943C3C286C09470083342D /* DriverStationController.swift in Sources */ = {isa = PBXBuildFile; fileRef = 07943C3A286C09470083342D /* DriverStationController.swift */; };
		07943C3E286C09560083342D /* UDPConnection.swift in Sources */ = {isa = PBXBuildFile; fileRef = 07943C3D286C09560083342D /* UDPConnection.swift */; };
		07943C3F286C09560083342D /* UDPConnection.swift in Sources */ = {isa = PBXBuildFile; fileRef = 07943C3D286C09560083342D /* UDPConnection.swift */; };
		07943C41286C09A90083342D /* StatusLight.swift in Sources */ = {isa = PBXBuildFile; fileRef = 07943C40286C09A90083342D /* StatusLight.swift */; };
		07943C42286C09A90083342D /* StatusLight.swift in Sources */ = {isa = PBXBuildFile; fileRef = 07943C40286C09A90083342D /* StatusLight.swift */; };
		07943C44286C09EA0083342D /* RobotStatusLights.swift in Sources */ = {isa = PBXBuildFile; fileRef = 07943C43286C09EA0083342D /* RobotStatusLights.swift */; };
		07943C45286C09EA0083342D /* RobotStatusLights.swift in Sources */ = {isa = PBXBuildFile; fileRef = 07943C43286C09EA0083342D /* RobotStatusLights.swift */; };
		07943C47286C0A140083342D /* IPSelector.swift in Sources */ = {isa = PBXBuildFile; fileRef = 07943C46286C0A140083342D /* IPSelector.swift */; };
		07943C48286C0A140083342D /* IPSelector.swift in Sources */ = {isa = PBXBuildFile; fileRef = 07943C46286C0A140083342D /* IPSelector.swift */; };
		07943C4A286C0A330083342D /* FullStatusView.swift in Sources */ = {isa = PBXBuildFile; fileRef = 07943C49286C0A330083342D /* FullStatusView.swift */; };
		07943C4B286C0A330083342D /* FullStatusView.swift in Sources */ = {isa = PBXBuildFile; fileRef = 07943C49286C0A330083342D /* FullStatusView.swift */; };
		07943C4D286C0A460083342D /* RobotModeSelector.swift in Sources */ = {isa = PBXBuildFile; fileRef = 07943C4C286C0A460083342D /* RobotModeSelector.swift */; };
		07943C4E286C0A460083342D /* RobotModeSelector.swift in Sources */ = {isa = PBXBuildFile; fileRef = 07943C4C286C0A460083342D /* RobotModeSelector.swift */; };
		07F78B34286E467700A1BEC1 /* Tags.swift in Sources */ = {isa = PBXBuildFile; fileRef = 07F78B33286E467700A1BEC1 /* Tags.swift */; };
/* End PBXBuildFile section */

/* Begin PBXFileReference section */
		07943C18286C08FA0083342D /* iOSDSApp.swift */ = {isa = PBXFileReference; lastKnownFileType = sourcecode.swift; path = iOSDSApp.swift; sourceTree = "<group>"; };
		07943C19286C08FA0083342D /* ContentView.swift */ = {isa = PBXFileReference; lastKnownFileType = sourcecode.swift; path = ContentView.swift; sourceTree = "<group>"; };
		07943C1A286C08FB0083342D /* Assets.xcassets */ = {isa = PBXFileReference; lastKnownFileType = folder.assetcatalog; path = Assets.xcassets; sourceTree = "<group>"; };
		07943C1F286C08FB0083342D /* iOSDS.app */ = {isa = PBXFileReference; explicitFileType = wrapper.application; includeInIndex = 0; path = iOSDS.app; sourceTree = BUILT_PRODUCTS_DIR; };
		07943C25286C08FB0083342D /* iOSDS.app */ = {isa = PBXFileReference; explicitFileType = wrapper.application; includeInIndex = 0; path = iOSDS.app; sourceTree = BUILT_PRODUCTS_DIR; };
		07943C27286C08FB0083342D /* macOS.entitlements */ = {isa = PBXFileReference; lastKnownFileType = text.plist.entitlements; path = macOS.entitlements; sourceTree = "<group>"; };
		07943C37286C092B0083342D /* EnableDisableButtons.swift */ = {isa = PBXFileReference; lastKnownFileType = sourcecode.swift; path = EnableDisableButtons.swift; sourceTree = "<group>"; };
		07943C3A286C09470083342D /* DriverStationController.swift */ = {isa = PBXFileReference; lastKnownFileType = sourcecode.swift; path = DriverStationController.swift; sourceTree = "<group>"; };
		07943C3D286C09560083342D /* UDPConnection.swift */ = {isa = PBXFileReference; lastKnownFileType = sourcecode.swift; path = UDPConnection.swift; sourceTree = "<group>"; };
		07943C40286C09A90083342D /* StatusLight.swift */ = {isa = PBXFileReference; lastKnownFileType = sourcecode.swift; path = StatusLight.swift; sourceTree = "<group>"; };
		07943C43286C09EA0083342D /* RobotStatusLights.swift */ = {isa = PBXFileReference; lastKnownFileType = sourcecode.swift; path = RobotStatusLights.swift; sourceTree = "<group>"; };
		07943C46286C0A140083342D /* IPSelector.swift */ = {isa = PBXFileReference; lastKnownFileType = sourcecode.swift; path = IPSelector.swift; sourceTree = "<group>"; };
		07943C49286C0A330083342D /* FullStatusView.swift */ = {isa = PBXFileReference; lastKnownFileType = sourcecode.swift; path = FullStatusView.swift; sourceTree = "<group>"; };
		07943C4C286C0A460083342D /* RobotModeSelector.swift */ = {isa = PBXFileReference; lastKnownFileType = sourcecode.swift; path = RobotModeSelector.swift; sourceTree = "<group>"; };
		07F78B33286E467700A1BEC1 /* Tags.swift */ = {isa = PBXFileReference; lastKnownFileType = sourcecode.swift; path = Tags.swift; sourceTree = "<group>"; };
/* End PBXFileReference section */

/* Begin PBXFrameworksBuildPhase section */
		07943C1C286C08FB0083342D /* Frameworks */ = {
			isa = PBXFrameworksBuildPhase;
			buildActionMask = 2147483647;
			files = (
			);
			runOnlyForDeploymentPostprocessing = 0;
		};
		07943C22286C08FB0083342D /* Frameworks */ = {
			isa = PBXFrameworksBuildPhase;
			buildActionMask = 2147483647;
			files = (
			);
			runOnlyForDeploymentPostprocessing = 0;
		};
/* End PBXFrameworksBuildPhase section */

/* Begin PBXGroup section */
		07943C12286C08FA0083342D = {
			isa = PBXGroup;
			children = (
				07943C17286C08FA0083342D /* Shared */,
				07943C26286C08FB0083342D /* macOS */,
				07943C20286C08FB0083342D /* Products */,
			);
			sourceTree = "<group>";
		};
		07943C17286C08FA0083342D /* Shared */ = {
			isa = PBXGroup;
			children = (
				07F78B32286E466D00A1BEC1 /* Tags */,
				07943C36286C09040083342D /* Views */,
				07943C18286C08FA0083342D /* iOSDSApp.swift */,
				07943C19286C08FA0083342D /* ContentView.swift */,
				07943C1A286C08FB0083342D /* Assets.xcassets */,
				07943C3A286C09470083342D /* DriverStationController.swift */,
				07943C3D286C09560083342D /* UDPConnection.swift */,
			);
			path = Shared;
			sourceTree = "<group>";
		};
		07943C20286C08FB0083342D /* Products */ = {
			isa = PBXGroup;
			children = (
				07943C1F286C08FB0083342D /* iOSDS.app */,
				07943C25286C08FB0083342D /* iOSDS.app */,
			);
			name = Products;
			sourceTree = "<group>";
		};
		07943C26286C08FB0083342D /* macOS */ = {
			isa = PBXGroup;
			children = (
				07943C27286C08FB0083342D /* macOS.entitlements */,
			);
			path = macOS;
			sourceTree = "<group>";
		};
		07943C36286C09040083342D /* Views */ = {
			isa = PBXGroup;
			children = (
				07943C37286C092B0083342D /* EnableDisableButtons.swift */,
				07943C40286C09A90083342D /* StatusLight.swift */,
				07943C43286C09EA0083342D /* RobotStatusLights.swift */,
				07943C46286C0A140083342D /* IPSelector.swift */,
				07943C49286C0A330083342D /* FullStatusView.swift */,
				07943C4C286C0A460083342D /* RobotModeSelector.swift */,
			);
			path = Views;
			sourceTree = "<group>";
		};
		07F78B32286E466D00A1BEC1 /* Tags */ = {
			isa = PBXGroup;
			children = (
				07F78B33286E467700A1BEC1 /* Tags.swift */,
			);
			path = Tags;
			sourceTree = "<group>";
		};
/* End PBXGroup section */

/* Begin PBXNativeTarget section */
		07943C1E286C08FB0083342D /* iOSDS (iOS) */ = {
			isa = PBXNativeTarget;
			buildConfigurationList = 07943C30286C08FB0083342D /* Build configuration list for PBXNativeTarget "iOSDS (iOS)" */;
			buildPhases = (
				07943C1B286C08FB0083342D /* Sources */,
				07943C1C286C08FB0083342D /* Frameworks */,
				07943C1D286C08FB0083342D /* Resources */,
			);
			buildRules = (
			);
			dependencies = (
			);
			name = "iOSDS (iOS)";
			productName = "iOSDS (iOS)";
			productReference = 07943C1F286C08FB0083342D /* iOSDS.app */;
			productType = "com.apple.product-type.application";
		};
		07943C24286C08FB0083342D /* iOSDS (macOS) */ = {
			isa = PBXNativeTarget;
			buildConfigurationList = 07943C33286C08FB0083342D /* Build configuration list for PBXNativeTarget "iOSDS (macOS)" */;
			buildPhases = (
				07943C21286C08FB0083342D /* Sources */,
				07943C22286C08FB0083342D /* Frameworks */,
				07943C23286C08FB0083342D /* Resources */,
			);
			buildRules = (
			);
			dependencies = (
			);
			name = "iOSDS (macOS)";
			productName = "iOSDS (macOS)";
			productReference = 07943C25286C08FB0083342D /* iOSDS.app */;
			productType = "com.apple.product-type.application";
		};
/* End PBXNativeTarget section */

/* Begin PBXProject section */
		07943C13286C08FA0083342D /* Project object */ = {
			isa = PBXProject;
			attributes = {
				BuildIndependentTargetsInParallel = 1;
				LastSwiftUpdateCheck = 1320;
				LastUpgradeCheck = 1430;
				TargetAttributes = {
					07943C1E286C08FB0083342D = {
						CreatedOnToolsVersion = 13.2.1;
					};
					07943C24286C08FB0083342D = {
						CreatedOnToolsVersion = 13.2.1;
					};
				};
			};
			buildConfigurationList = 07943C16286C08FA0083342D /* Build configuration list for PBXProject "iOSDS" */;
			compatibilityVersion = "Xcode 13.0";
			developmentRegion = en;
			hasScannedForEncodings = 0;
			knownRegions = (
				en,
				Base,
			);
			mainGroup = 07943C12286C08FA0083342D;
			productRefGroup = 07943C20286C08FB0083342D /* Products */;
			projectDirPath = "";
			projectRoot = "";
			targets = (
				07943C1E286C08FB0083342D /* iOSDS (iOS) */,
				07943C24286C08FB0083342D /* iOSDS (macOS) */,
			);
		};
/* End PBXProject section */

/* Begin PBXResourcesBuildPhase section */
		07943C1D286C08FB0083342D /* Resources */ = {
			isa = PBXResourcesBuildPhase;
			buildActionMask = 2147483647;
			files = (
				07943C2C286C08FB0083342D /* Assets.xcassets in Resources */,
			);
			runOnlyForDeploymentPostprocessing = 0;
		};
		07943C23286C08FB0083342D /* Resources */ = {
			isa = PBXResourcesBuildPhase;
			buildActionMask = 2147483647;
			files = (
				07943C2D286C08FB0083342D /* Assets.xcassets in Resources */,
			);
			runOnlyForDeploymentPostprocessing = 0;
		};
/* End PBXResourcesBuildPhase section */

/* Begin PBXSourcesBuildPhase section */
		07943C1B286C08FB0083342D /* Sources */ = {
			isa = PBXSourcesBuildPhase;
			buildActionMask = 2147483647;
			files = (
				07943C4D286C0A460083342D /* RobotModeSelector.swift in Sources */,
				07943C2A286C08FB0083342D /* ContentView.swift in Sources */,
				07F78B34286E467700A1BEC1 /* Tags.swift in Sources */,
				07943C38286C092B0083342D /* EnableDisableButtons.swift in Sources */,
				07943C3E286C09560083342D /* UDPConnection.swift in Sources */,
				07943C4A286C0A330083342D /* FullStatusView.swift in Sources */,
				07943C3B286C09470083342D /* DriverStationController.swift in Sources */,
				07943C41286C09A90083342D /* StatusLight.swift in Sources */,
				07943C47286C0A140083342D /* IPSelector.swift in Sources */,
				07943C44286C09EA0083342D /* RobotStatusLights.swift in Sources */,
				07943C28286C08FB0083342D /* iOSDSApp.swift in Sources */,
			);
			runOnlyForDeploymentPostprocessing = 0;
		};
		07943C21286C08FB0083342D /* Sources */ = {
			isa = PBXSourcesBuildPhase;
			buildActionMask = 2147483647;
			files = (
				07943C4E286C0A460083342D /* RobotModeSelector.swift in Sources */,
				07943C2B286C08FB0083342D /* ContentView.swift in Sources */,
				07623EB52872677500EBD632 /* Tags.swift in Sources */,
				07943C39286C092B0083342D /* EnableDisableButtons.swift in Sources */,
				07943C3F286C09560083342D /* UDPConnection.swift in Sources */,
				07943C4B286C0A330083342D /* FullStatusView.swift in Sources */,
				07943C3C286C09470083342D /* DriverStationController.swift in Sources */,
				07943C42286C09A90083342D /* StatusLight.swift in Sources */,
				07943C48286C0A140083342D /* IPSelector.swift in Sources */,
				07943C45286C09EA0083342D /* RobotStatusLights.swift in Sources */,
				07943C29286C08FB0083342D /* iOSDSApp.swift in Sources */,
			);
			runOnlyForDeploymentPostprocessing = 0;
		};
/* End PBXSourcesBuildPhase section */

/* Begin XCBuildConfiguration section */
		07943C2E286C08FB0083342D /* Debug */ = {
			isa = XCBuildConfiguration;
			buildSettings = {
				ALWAYS_SEARCH_USER_PATHS = NO;
				CLANG_ANALYZER_NONNULL = YES;
				CLANG_ANALYZER_NUMBER_OBJECT_CONVERSION = YES_AGGRESSIVE;
				CLANG_CXX_LANGUAGE_STANDARD = "gnu++17";
				CLANG_CXX_LIBRARY = "libc++";
				CLANG_ENABLE_MODULES = YES;
				CLANG_ENABLE_OBJC_ARC = YES;
				CLANG_ENABLE_OBJC_WEAK = YES;
				CLANG_WARN_BLOCK_CAPTURE_AUTORELEASING = YES;
				CLANG_WARN_BOOL_CONVERSION = YES;
				CLANG_WARN_COMMA = YES;
				CLANG_WARN_CONSTANT_CONVERSION = YES;
				CLANG_WARN_DEPRECATED_OBJC_IMPLEMENTATIONS = YES;
				CLANG_WARN_DIRECT_OBJC_ISA_USAGE = YES_ERROR;
				CLANG_WARN_DOCUMENTATION_COMMENTS = YES;
				CLANG_WARN_EMPTY_BODY = YES;
				CLANG_WARN_ENUM_CONVERSION = YES;
				CLANG_WARN_INFINITE_RECURSION = YES;
				CLANG_WARN_INT_CONVERSION = YES;
				CLANG_WARN_NON_LITERAL_NULL_CONVERSION = YES;
				CLANG_WARN_OBJC_IMPLICIT_RETAIN_SELF = YES;
				CLANG_WARN_OBJC_LITERAL_CONVERSION = YES;
				CLANG_WARN_OBJC_ROOT_CLASS = YES_ERROR;
				CLANG_WARN_QUOTED_INCLUDE_IN_FRAMEWORK_HEADER = YES;
				CLANG_WARN_RANGE_LOOP_ANALYSIS = YES;
				CLANG_WARN_STRICT_PROTOTYPES = YES;
				CLANG_WARN_SUSPICIOUS_MOVE = YES;
				CLANG_WARN_UNGUARDED_AVAILABILITY = YES_AGGRESSIVE;
				CLANG_WARN_UNREACHABLE_CODE = YES;
				CLANG_WARN__DUPLICATE_METHOD_MATCH = YES;
				COPY_PHASE_STRIP = NO;
				DEAD_CODE_STRIPPING = YES;
				DEBUG_INFORMATION_FORMAT = dwarf;
				ENABLE_STRICT_OBJC_MSGSEND = YES;
				ENABLE_TESTABILITY = YES;
				GCC_C_LANGUAGE_STANDARD = gnu11;
				GCC_DYNAMIC_NO_PIC = NO;
				GCC_NO_COMMON_BLOCKS = YES;
				GCC_OPTIMIZATION_LEVEL = 0;
				GCC_PREPROCESSOR_DEFINITIONS = (
					"DEBUG=1",
					"$(inherited)",
				);
				GCC_WARN_64_TO_32_BIT_CONVERSION = YES;
				GCC_WARN_ABOUT_RETURN_TYPE = YES_ERROR;
				GCC_WARN_UNDECLARED_SELECTOR = YES;
				GCC_WARN_UNINITIALIZED_AUTOS = YES_AGGRESSIVE;
				GCC_WARN_UNUSED_FUNCTION = YES;
				GCC_WARN_UNUSED_VARIABLE = YES;
				MTL_ENABLE_DEBUG_INFO = INCLUDE_SOURCE;
				MTL_FAST_MATH = YES;
				ONLY_ACTIVE_ARCH = YES;
				SWIFT_ACTIVE_COMPILATION_CONDITIONS = DEBUG;
				SWIFT_OPTIMIZATION_LEVEL = "-Onone";
			};
			name = Debug;
		};
		07943C2F286C08FB0083342D /* Release */ = {
			isa = XCBuildConfiguration;
			buildSettings = {
				ALWAYS_SEARCH_USER_PATHS = NO;
				CLANG_ANALYZER_NONNULL = YES;
				CLANG_ANALYZER_NUMBER_OBJECT_CONVERSION = YES_AGGRESSIVE;
				CLANG_CXX_LANGUAGE_STANDARD = "gnu++17";
				CLANG_CXX_LIBRARY = "libc++";
				CLANG_ENABLE_MODULES = YES;
				CLANG_ENABLE_OBJC_ARC = YES;
				CLANG_ENABLE_OBJC_WEAK = YES;
				CLANG_WARN_BLOCK_CAPTURE_AUTORELEASING = YES;
				CLANG_WARN_BOOL_CONVERSION = YES;
				CLANG_WARN_COMMA = YES;
				CLANG_WARN_CONSTANT_CONVERSION = YES;
				CLANG_WARN_DEPRECATED_OBJC_IMPLEMENTATIONS = YES;
				CLANG_WARN_DIRECT_OBJC_ISA_USAGE = YES_ERROR;
				CLANG_WARN_DOCUMENTATION_COMMENTS = YES;
				CLANG_WARN_EMPTY_BODY = YES;
				CLANG_WARN_ENUM_CONVERSION = YES;
				CLANG_WARN_INFINITE_RECURSION = YES;
				CLANG_WARN_INT_CONVERSION = YES;
				CLANG_WARN_NON_LITERAL_NULL_CONVERSION = YES;
				CLANG_WARN_OBJC_IMPLICIT_RETAIN_SELF = YES;
				CLANG_WARN_OBJC_LITERAL_CONVERSION = YES;
				CLANG_WARN_OBJC_ROOT_CLASS = YES_ERROR;
				CLANG_WARN_QUOTED_INCLUDE_IN_FRAMEWORK_HEADER = YES;
				CLANG_WARN_RANGE_LOOP_ANALYSIS = YES;
				CLANG_WARN_STRICT_PROTOTYPES = YES;
				CLANG_WARN_SUSPICIOUS_MOVE = YES;
				CLANG_WARN_UNGUARDED_AVAILABILITY = YES_AGGRESSIVE;
				CLANG_WARN_UNREACHABLE_CODE = YES;
				CLANG_WARN__DUPLICATE_METHOD_MATCH = YES;
				COPY_PHASE_STRIP = NO;
				DEAD_CODE_STRIPPING = YES;
				DEBUG_INFORMATION_FORMAT = "dwarf-with-dsym";
				ENABLE_NS_ASSERTIONS = NO;
				ENABLE_STRICT_OBJC_MSGSEND = YES;
				GCC_C_LANGUAGE_STANDARD = gnu11;
				GCC_NO_COMMON_BLOCKS = YES;
				GCC_WARN_64_TO_32_BIT_CONVERSION = YES;
				GCC_WARN_ABOUT_RETURN_TYPE = YES_ERROR;
				GCC_WARN_UNDECLARED_SELECTOR = YES;
				GCC_WARN_UNINITIALIZED_AUTOS = YES_AGGRESSIVE;
				GCC_WARN_UNUSED_FUNCTION = YES;
				GCC_WARN_UNUSED_VARIABLE = YES;
				MTL_ENABLE_DEBUG_INFO = NO;
				MTL_FAST_MATH = YES;
				SWIFT_COMPILATION_MODE = wholemodule;
				SWIFT_OPTIMIZATION_LEVEL = "-O";
			};
			name = Release;
		};
		07943C31286C08FB0083342D /* Debug */ = {
			isa = XCBuildConfiguration;
			buildSettings = {
				ASSETCATALOG_COMPILER_APPICON_NAME = AppIcon;
				ASSETCATALOG_COMPILER_GLOBAL_ACCENT_COLOR_NAME = AccentColor;
				CODE_SIGN_STYLE = Automatic;
				CURRENT_PROJECT_VERSION = 1;
				DEVELOPMENT_TEAM = WMWVL4TBXV;
				ENABLE_PREVIEWS = YES;
				GENERATE_INFOPLIST_FILE = YES;
				INFOPLIST_KEY_UIApplicationSceneManifest_Generation = YES;
				INFOPLIST_KEY_UIApplicationSupportsIndirectInputEvents = YES;
				INFOPLIST_KEY_UILaunchScreen_Generation = YES;
				INFOPLIST_KEY_UISupportedInterfaceOrientations = "UIInterfaceOrientationLandscapeLeft UIInterfaceOrientationLandscapeRight";
				INFOPLIST_KEY_UISupportedInterfaceOrientations_iPad = "UIInterfaceOrientationLandscapeLeft UIInterfaceOrientationLandscapeRight UIInterfaceOrientationPortrait UIInterfaceOrientationPortraitUpsideDown";
				IPHONEOS_DEPLOYMENT_TARGET = 15.2;
				LD_RUNPATH_SEARCH_PATHS = (
					"$(inherited)",
					"@executable_path/Frameworks",
				);
				MARKETING_VERSION = 1.0;
				PRODUCT_BUNDLE_IDENTIFIER = me.ohowe.iOSDS;
				PRODUCT_NAME = iOSDS;
				SDKROOT = iphoneos;
				SWIFT_EMIT_LOC_STRINGS = YES;
				SWIFT_VERSION = 5.0;
				TARGETED_DEVICE_FAMILY = "1,2";
			};
			name = Debug;
		};
		07943C32286C08FB0083342D /* Release */ = {
			isa = XCBuildConfiguration;
			buildSettings = {
				ASSETCATALOG_COMPILER_APPICON_NAME = AppIcon;
				ASSETCATALOG_COMPILER_GLOBAL_ACCENT_COLOR_NAME = AccentColor;
				CODE_SIGN_STYLE = Automatic;
				CURRENT_PROJECT_VERSION = 1;
				DEVELOPMENT_TEAM = WMWVL4TBXV;
				ENABLE_PREVIEWS = YES;
				GENERATE_INFOPLIST_FILE = YES;
				INFOPLIST_KEY_UIApplicationSceneManifest_Generation = YES;
				INFOPLIST_KEY_UIApplicationSupportsIndirectInputEvents = YES;
				INFOPLIST_KEY_UILaunchScreen_Generation = YES;
				INFOPLIST_KEY_UISupportedInterfaceOrientations = "UIInterfaceOrientationLandscapeLeft UIInterfaceOrientationLandscapeRight";
				INFOPLIST_KEY_UISupportedInterfaceOrientations_iPad = "UIInterfaceOrientationLandscapeLeft UIInterfaceOrientationLandscapeRight UIInterfaceOrientationPortrait UIInterfaceOrientationPortraitUpsideDown";
				IPHONEOS_DEPLOYMENT_TARGET = 15.2;
				LD_RUNPATH_SEARCH_PATHS = (
					"$(inherited)",
					"@executable_path/Frameworks",
				);
				MARKETING_VERSION = 1.0;
				PRODUCT_BUNDLE_IDENTIFIER = me.ohowe.iOSDS;
				PRODUCT_NAME = iOSDS;
				SDKROOT = iphoneos;
				SWIFT_EMIT_LOC_STRINGS = YES;
				SWIFT_VERSION = 5.0;
				TARGETED_DEVICE_FAMILY = "1,2";
				VALIDATE_PRODUCT = YES;
			};
			name = Release;
		};
		07943C34286C08FB0083342D /* Debug */ = {
			isa = XCBuildConfiguration;
			buildSettings = {
				ASSETCATALOG_COMPILER_APPICON_NAME = AppIcon;
				ASSETCATALOG_COMPILER_GLOBAL_ACCENT_COLOR_NAME = AccentColor;
				CODE_SIGN_ENTITLEMENTS = macOS/macOS.entitlements;
				CODE_SIGN_STYLE = Automatic;
				COMBINE_HIDPI_IMAGES = YES;
				CURRENT_PROJECT_VERSION = 1;
				DEAD_CODE_STRIPPING = YES;
				DEVELOPMENT_TEAM = WMWVL4TBXV;
				ENABLE_HARDENED_RUNTIME = YES;
				ENABLE_PREVIEWS = YES;
				GENERATE_INFOPLIST_FILE = YES;
				INFOPLIST_KEY_NSHumanReadableCopyright = "";
				LD_RUNPATH_SEARCH_PATHS = (
					"$(inherited)",
					"@executable_path/../Frameworks",
				);
				MACOSX_DEPLOYMENT_TARGET = 12.1;
				MARKETING_VERSION = 1.0;
				PRODUCT_BUNDLE_IDENTIFIER = me.ohowe.iOSDS;
				PRODUCT_NAME = iOSDS;
				SDKROOT = macosx;
				SWIFT_EMIT_LOC_STRINGS = YES;
				SWIFT_VERSION = 5.0;
			};
			name = Debug;
		};
		07943C35286C08FB0083342D /* Release */ = {
			isa = XCBuildConfiguration;
			buildSettings = {
				ASSETCATALOG_COMPILER_APPICON_NAME = AppIcon;
				ASSETCATALOG_COMPILER_GLOBAL_ACCENT_COLOR_NAME = AccentColor;
				CODE_SIGN_ENTITLEMENTS = macOS/macOS.entitlements;
				CODE_SIGN_STYLE = Automatic;
				COMBINE_HIDPI_IMAGES = YES;
				CURRENT_PROJECT_VERSION = 1;
				DEAD_CODE_STRIPPING = YES;
				DEVELOPMENT_TEAM = WMWVL4TBXV;
				ENABLE_HARDENED_RUNTIME = YES;
				ENABLE_PREVIEWS = YES;
				GENERATE_INFOPLIST_FILE = YES;
				INFOPLIST_KEY_NSHumanReadableCopyright = "";
				LD_RUNPATH_SEARCH_PATHS = (
					"$(inherited)",
					"@executable_path/../Frameworks",
				);
				MACOSX_DEPLOYMENT_TARGET = 12.1;
				MARKETING_VERSION = 1.0;
				PRODUCT_BUNDLE_IDENTIFIER = me.ohowe.iOSDS;
				PRODUCT_NAME = iOSDS;
				SDKROOT = macosx;
				SWIFT_EMIT_LOC_STRINGS = YES;
				SWIFT_VERSION = 5.0;
			};
			name = Release;
		};
/* End XCBuildConfiguration section */

/* Begin XCConfigurationList section */
		07943C16286C08FA0083342D /* Build configuration list for PBXProject "iOSDS" */ = {
			isa = XCConfigurationList;
			buildConfigurations = (
				07943C2E286C08FB0083342D /* Debug */,
				07943C2F286C08FB0083342D /* Release */,
			);
			defaultConfigurationIsVisible = 0;
			defaultConfigurationName = Release;
		};
		07943C30286C08FB0083342D /* Build configuration list for PBXNativeTarget "iOSDS (iOS)" */ = {
			isa = XCConfigurationList;
			buildConfigurations = (
				07943C31286C08FB0083342D /* Debug */,
				07943C32286C08FB0083342D /* Release */,
			);
			defaultConfigurationIsVisible = 0;
			defaultConfigurationName = Release;
		};
		07943C33286C08FB0083342D /* Build configuration list for PBXNativeTarget "iOSDS (macOS)" */ = {
			isa = XCConfigurationList;
			buildConfigurations = (
				07943C34286C08FB0083342D /* Debug */,
				07943C35286C08FB0083342D /* Release */,
			);
			defaultConfigurationIsVisible = 0;
			defaultConfigurationName = Release;
		};
/* End XCConfigurationList section */
	};
	rootObject = 07943C13286C08FA0083342D /* Project object */;
}
